// !$*UTF8*$!
{
	archiveVersion = 1;
	classes = {
	};
	objectVersion = 56;
	objects = {

/* Begin PBXBuildFile section */
		2A5C84C42C493D6100BE1937 /* HeaderView.swift in Sources */ = {isa = PBXBuildFile; fileRef = 2A5C84C32C493D6100BE1937 /* HeaderView.swift */; };
		2A9FC9B82C47B96500078631 /* TimestApp.swift in Sources */ = {isa = PBXBuildFile; fileRef = 2A9FC9B72C47B96500078631 /* TimestApp.swift */; };
		2A9FC9BA2C47B96500078631 /* ContentView.swift in Sources */ = {isa = PBXBuildFile; fileRef = 2A9FC9B92C47B96500078631 /* ContentView.swift */; };
		2A9FC9BC2C47B96700078631 /* Assets.xcassets in Resources */ = {isa = PBXBuildFile; fileRef = 2A9FC9BB2C47B96700078631 /* Assets.xcassets */; };
		2A9FC9BF2C47B96700078631 /* Preview Assets.xcassets in Resources */ = {isa = PBXBuildFile; fileRef = 2A9FC9BE2C47B96700078631 /* Preview Assets.xcassets */; };
		2AB6B8C52C48B37F00924A27 /* TimerManager.swift in Sources */ = {isa = PBXBuildFile; fileRef = 2AB6B8C42C48B37F00924A27 /* TimerManager.swift */; };
		2AB6B8CF2C48FAF700924A27 /* ListView.swift in Sources */ = {isa = PBXBuildFile; fileRef = 2AB6B8CE2C48FAF700924A27 /* ListView.swift */; };
		2AB6B8D12C48FE5A00924A27 /* TimerView.swift in Sources */ = {isa = PBXBuildFile; fileRef = 2AB6B8D02C48FE5A00924A27 /* TimerView.swift */; };
		2AB6B8D32C48FE6B00924A27 /* CalendarView.swift in Sources */ = {isa = PBXBuildFile; fileRef = 2AB6B8D22C48FE6B00924A27 /* CalendarView.swift */; };
		2AB6B8D52C48FE7A00924A27 /* ChartView.swift in Sources */ = {isa = PBXBuildFile; fileRef = 2AB6B8D42C48FE7A00924A27 /* ChartView.swift */; };
		D36B12232C4E3C840025F787 /* FolderDetailView.swift in Sources */ = {isa = PBXBuildFile; fileRef = D36B12222C4E3C840025F787 /* FolderDetailView.swift */; };
		D36B12252C4E3C950025F787 /* AddTaskButtonView.swift in Sources */ = {isa = PBXBuildFile; fileRef = D36B12242C4E3C950025F787 /* AddTaskButtonView.swift */; };
		D36B12272C4E3CA60025F787 /* TaskDetailView.swift in Sources */ = {isa = PBXBuildFile; fileRef = D36B12262C4E3CA60025F787 /* TaskDetailView.swift */; };
		D36B12292C4E483A0025F787 /* FooterViewModifier.swift in Sources */ = {isa = PBXBuildFile; fileRef = D36B12282C4E483A0025F787 /* FooterViewModifier.swift */; };
		D39EA5E42C5133A900716671 /* FolderItemView.swift in Sources */ = {isa = PBXBuildFile; fileRef = D39EA5E32C5133A900716671 /* FolderItemView.swift */; };
		D3A53F522C57B4F700D6053E /* FolderSelectionView.swift in Sources */ = {isa = PBXBuildFile; fileRef = D3A53F512C57B4F700D6053E /* FolderSelectionView.swift */; };
		D3A53F542C57C35D00D6053E /* TaskSelectionView.swift in Sources */ = {isa = PBXBuildFile; fileRef = D3A53F532C57C35D00D6053E /* TaskSelectionView.swift */; };
		D3AC1B882C5339F5004363C3 /* TaskManager.swift in Sources */ = {isa = PBXBuildFile; fileRef = D3AC1B872C5339F5004363C3 /* TaskManager.swift */; };
		D3AE99012C4CD9FE0057F484 /* AddFolderModalView.swift in Sources */ = {isa = PBXBuildFile; fileRef = D3AE99002C4CD9FE0057F484 /* AddFolderModalView.swift */; };
		D3AE99032C4CE9740057F484 /* AddFolderButtonView.swift in Sources */ = {isa = PBXBuildFile; fileRef = D3AE99022C4CE9740057F484 /* AddFolderButtonView.swift */; };
		D3B5228B2C522B0600E255CB /* SharedDateFormatter.swift in Sources */ = {isa = PBXBuildFile; fileRef = D3B5228A2C522B0600E255CB /* SharedDateFormatter.swift */; };
/* End PBXBuildFile section */

/* Begin PBXFileReference section */
		2A5C84C32C493D6100BE1937 /* HeaderView.swift */ = {isa = PBXFileReference; lastKnownFileType = sourcecode.swift; path = HeaderView.swift; sourceTree = "<group>"; };
		2A9FC9B42C47B96500078631 /* Timest.app */ = {isa = PBXFileReference; explicitFileType = wrapper.application; includeInIndex = 0; path = Timest.app; sourceTree = BUILT_PRODUCTS_DIR; };
		2A9FC9B72C47B96500078631 /* TimestApp.swift */ = {isa = PBXFileReference; lastKnownFileType = sourcecode.swift; path = TimestApp.swift; sourceTree = "<group>"; };
		2A9FC9B92C47B96500078631 /* ContentView.swift */ = {isa = PBXFileReference; lastKnownFileType = sourcecode.swift; path = ContentView.swift; sourceTree = "<group>"; };
		2A9FC9BB2C47B96700078631 /* Assets.xcassets */ = {isa = PBXFileReference; lastKnownFileType = folder.assetcatalog; path = Assets.xcassets; sourceTree = "<group>"; };
		2A9FC9BE2C47B96700078631 /* Preview Assets.xcassets */ = {isa = PBXFileReference; lastKnownFileType = folder.assetcatalog; path = "Preview Assets.xcassets"; sourceTree = "<group>"; };
		2AB6B8C42C48B37F00924A27 /* TimerManager.swift */ = {isa = PBXFileReference; lastKnownFileType = sourcecode.swift; path = TimerManager.swift; sourceTree = "<group>"; };
		2AB6B8CE2C48FAF700924A27 /* ListView.swift */ = {isa = PBXFileReference; lastKnownFileType = sourcecode.swift; path = ListView.swift; sourceTree = "<group>"; };
		2AB6B8D02C48FE5A00924A27 /* TimerView.swift */ = {isa = PBXFileReference; lastKnownFileType = sourcecode.swift; path = TimerView.swift; sourceTree = "<group>"; };
		2AB6B8D22C48FE6B00924A27 /* CalendarView.swift */ = {isa = PBXFileReference; lastKnownFileType = sourcecode.swift; path = CalendarView.swift; sourceTree = "<group>"; };
		2AB6B8D42C48FE7A00924A27 /* ChartView.swift */ = {isa = PBXFileReference; lastKnownFileType = sourcecode.swift; path = ChartView.swift; sourceTree = "<group>"; };
		D36B12222C4E3C840025F787 /* FolderDetailView.swift */ = {isa = PBXFileReference; lastKnownFileType = sourcecode.swift; path = FolderDetailView.swift; sourceTree = "<group>"; };
		D36B12242C4E3C950025F787 /* AddTaskButtonView.swift */ = {isa = PBXFileReference; lastKnownFileType = sourcecode.swift; path = AddTaskButtonView.swift; sourceTree = "<group>"; };
		D36B12262C4E3CA60025F787 /* TaskDetailView.swift */ = {isa = PBXFileReference; lastKnownFileType = sourcecode.swift; path = TaskDetailView.swift; sourceTree = "<group>"; };
		D36B12282C4E483A0025F787 /* FooterViewModifier.swift */ = {isa = PBXFileReference; lastKnownFileType = sourcecode.swift; path = FooterViewModifier.swift; sourceTree = "<group>"; };
		D39EA5E32C5133A900716671 /* FolderItemView.swift */ = {isa = PBXFileReference; lastKnownFileType = sourcecode.swift; path = FolderItemView.swift; sourceTree = "<group>"; };
		D3A53F512C57B4F700D6053E /* FolderSelectionView.swift */ = {isa = PBXFileReference; lastKnownFileType = sourcecode.swift; path = FolderSelectionView.swift; sourceTree = "<group>"; };
		D3A53F532C57C35D00D6053E /* TaskSelectionView.swift */ = {isa = PBXFileReference; lastKnownFileType = sourcecode.swift; path = TaskSelectionView.swift; sourceTree = "<group>"; };
		D3AC1B872C5339F5004363C3 /* TaskManager.swift */ = {isa = PBXFileReference; lastKnownFileType = sourcecode.swift; path = TaskManager.swift; sourceTree = "<group>"; };
		D3AE99002C4CD9FE0057F484 /* AddFolderModalView.swift */ = {isa = PBXFileReference; lastKnownFileType = sourcecode.swift; path = AddFolderModalView.swift; sourceTree = "<group>"; };
		D3AE99022C4CE9740057F484 /* AddFolderButtonView.swift */ = {isa = PBXFileReference; lastKnownFileType = sourcecode.swift; path = AddFolderButtonView.swift; sourceTree = "<group>"; };
		D3B5228A2C522B0600E255CB /* SharedDateFormatter.swift */ = {isa = PBXFileReference; lastKnownFileType = sourcecode.swift; path = SharedDateFormatter.swift; sourceTree = "<group>"; };
/* End PBXFileReference section */

/* Begin PBXFrameworksBuildPhase section */
		2A9FC9B12C47B96500078631 /* Frameworks */ = {
			isa = PBXFrameworksBuildPhase;
			buildActionMask = 2147483647;
			files = (
			);
			runOnlyForDeploymentPostprocessing = 0;
		};
/* End PBXFrameworksBuildPhase section */

/* Begin PBXGroup section */
		2A9FC9AB2C47B96500078631 = {
			isa = PBXGroup;
			children = (
				2A9FC9B62C47B96500078631 /* Timest */,
				2A9FC9B52C47B96500078631 /* Products */,
			);
			sourceTree = "<group>";
		};
		2A9FC9B52C47B96500078631 /* Products */ = {
			isa = PBXGroup;
			children = (
				2A9FC9B42C47B96500078631 /* Timest.app */,
			);
			name = Products;
			sourceTree = "<group>";
		};
		2A9FC9B62C47B96500078631 /* Timest */ = {
			isa = PBXGroup;
			children = (
				D39EA5E22C50A0FE00716671 /* Components */,
				D39EA5E12C509F7E00716671 /* Views */,
				2A9FC9B72C47B96500078631 /* TimestApp.swift */,
				2AB6B8C42C48B37F00924A27 /* TimerManager.swift */,
				2A9FC9BB2C47B96700078631 /* Assets.xcassets */,
				2A9FC9BD2C47B96700078631 /* Preview Content */,
				D3B5228A2C522B0600E255CB /* SharedDateFormatter.swift */,
			);
			path = Timest;
			sourceTree = "<group>";
		};
		2A9FC9BD2C47B96700078631 /* Preview Content */ = {
			isa = PBXGroup;
			children = (
				2A9FC9BE2C47B96700078631 /* Preview Assets.xcassets */,
			);
			path = "Preview Content";
			sourceTree = "<group>";
		};
		D39EA5E12C509F7E00716671 /* Views */ = {
			isa = PBXGroup;
			children = (
				D3A53F532C57C35D00D6053E /* TaskSelectionView.swift */,
				D3A53F512C57B4F700D6053E /* FolderSelectionView.swift */,
				2AB6B8D22C48FE6B00924A27 /* CalendarView.swift */,
				2A9FC9B92C47B96500078631 /* ContentView.swift */,
				D36B12222C4E3C840025F787 /* FolderDetailView.swift */,
				D3AC1B872C5339F5004363C3 /* TaskManager.swift */,
				D36B12262C4E3CA60025F787 /* TaskDetailView.swift */,
				2AB6B8CE2C48FAF700924A27 /* ListView.swift */,
				2AB6B8D02C48FE5A00924A27 /* TimerView.swift */,
				2AB6B8D42C48FE7A00924A27 /* ChartView.swift */,
				D3AE99002C4CD9FE0057F484 /* AddFolderModalView.swift */,
				D3AE99022C4CE9740057F484 /* AddFolderButtonView.swift */,
				D36B12242C4E3C950025F787 /* AddTaskButtonView.swift */,
				D39EA5E32C5133A900716671 /* FolderItemView.swift */,
			);
			path = Views;
			sourceTree = "<group>";
		};
		D39EA5E22C50A0FE00716671 /* Components */ = {
			isa = PBXGroup;
			children = (
				2A5C84C32C493D6100BE1937 /* HeaderView.swift */,
				D36B12282C4E483A0025F787 /* FooterViewModifier.swift */,
			);
			path = Components;
			sourceTree = "<group>";
		};
/* End PBXGroup section */

/* Begin PBXNativeTarget section */
		2A9FC9B32C47B96500078631 /* Timest */ = {
			isa = PBXNativeTarget;
			buildConfigurationList = 2A9FC9C22C47B96700078631 /* Build configuration list for PBXNativeTarget "Timest" */;
			buildPhases = (
				2A9FC9B02C47B96500078631 /* Sources */,
				2A9FC9B12C47B96500078631 /* Frameworks */,
				2A9FC9B22C47B96500078631 /* Resources */,
			);
			buildRules = (
			);
			dependencies = (
			);
			name = Timest;
			productName = Timest;
			productReference = 2A9FC9B42C47B96500078631 /* Timest.app */;
			productType = "com.apple.product-type.application";
		};
/* End PBXNativeTarget section */

/* Begin PBXProject section */
		2A9FC9AC2C47B96500078631 /* Project object */ = {
			isa = PBXProject;
			attributes = {
				BuildIndependentTargetsInParallel = 1;
				LastSwiftUpdateCheck = 1540;
				LastUpgradeCheck = 1540;
				TargetAttributes = {
					2A9FC9B32C47B96500078631 = {
						CreatedOnToolsVersion = 15.4;
					};
				};
			};
			buildConfigurationList = 2A9FC9AF2C47B96500078631 /* Build configuration list for PBXProject "Timest" */;
			compatibilityVersion = "Xcode 14.0";
			developmentRegion = en;
			hasScannedForEncodings = 0;
			knownRegions = (
				en,
				Base,
			);
			mainGroup = 2A9FC9AB2C47B96500078631;
			productRefGroup = 2A9FC9B52C47B96500078631 /* Products */;
			projectDirPath = "";
			projectRoot = "";
			targets = (
				2A9FC9B32C47B96500078631 /* Timest */,
			);
		};
/* End PBXProject section */

/* Begin PBXResourcesBuildPhase section */
		2A9FC9B22C47B96500078631 /* Resources */ = {
			isa = PBXResourcesBuildPhase;
			buildActionMask = 2147483647;
			files = (
				2A9FC9BF2C47B96700078631 /* Preview Assets.xcassets in Resources */,
				2A9FC9BC2C47B96700078631 /* Assets.xcassets in Resources */,
			);
			runOnlyForDeploymentPostprocessing = 0;
		};
/* End PBXResourcesBuildPhase section */

/* Begin PBXSourcesBuildPhase section */
		2A9FC9B02C47B96500078631 /* Sources */ = {
			isa = PBXSourcesBuildPhase;
			buildActionMask = 2147483647;
			files = (
				D36B12272C4E3CA60025F787 /* TaskDetailView.swift in Sources */,
				2AB6B8D12C48FE5A00924A27 /* TimerView.swift in Sources */,
				D36B12252C4E3C950025F787 /* AddTaskButtonView.swift in Sources */,
				D3A53F542C57C35D00D6053E /* TaskSelectionView.swift in Sources */,
				2A5C84C42C493D6100BE1937 /* HeaderView.swift in Sources */,
				D39EA5E42C5133A900716671 /* FolderItemView.swift in Sources */,
				D3AC1B882C5339F5004363C3 /* TaskManager.swift in Sources */,
				2AB6B8D32C48FE6B00924A27 /* CalendarView.swift in Sources */,
				D36B12292C4E483A0025F787 /* FooterViewModifier.swift in Sources */,
				2AB6B8C52C48B37F00924A27 /* TimerManager.swift in Sources */,
				2A9FC9BA2C47B96500078631 /* ContentView.swift in Sources */,
				2AB6B8CF2C48FAF700924A27 /* ListView.swift in Sources */,
				D36B12232C4E3C840025F787 /* FolderDetailView.swift in Sources */,
				2A9FC9B82C47B96500078631 /* TimestApp.swift in Sources */,
				D3AE99012C4CD9FE0057F484 /* AddFolderModalView.swift in Sources */,
				D3B5228B2C522B0600E255CB /* SharedDateFormatter.swift in Sources */,
				2AB6B8D52C48FE7A00924A27 /* ChartView.swift in Sources */,
				D3AE99032C4CE9740057F484 /* AddFolderButtonView.swift in Sources */,
				D3A53F522C57B4F700D6053E /* FolderSelectionView.swift in Sources */,
			);
			runOnlyForDeploymentPostprocessing = 0;
		};
/* End PBXSourcesBuildPhase section */

/* Begin XCBuildConfiguration section */
		2A9FC9C02C47B96700078631 /* Debug */ = {
			isa = XCBuildConfiguration;
			buildSettings = {
				ALWAYS_SEARCH_USER_PATHS = NO;
				ASSETCATALOG_COMPILER_GENERATE_SWIFT_ASSET_SYMBOL_EXTENSIONS = YES;
				CLANG_ANALYZER_NONNULL = YES;
				CLANG_ANALYZER_NUMBER_OBJECT_CONVERSION = YES_AGGRESSIVE;
				CLANG_CXX_LANGUAGE_STANDARD = "gnu++20";
				CLANG_ENABLE_MODULES = YES;
				CLANG_ENABLE_OBJC_ARC = YES;
				CLANG_ENABLE_OBJC_WEAK = YES;
				CLANG_WARN_BLOCK_CAPTURE_AUTORELEASING = YES;
				CLANG_WARN_BOOL_CONVERSION = YES;
				CLANG_WARN_COMMA = YES;
				CLANG_WARN_CONSTANT_CONVERSION = YES;
				CLANG_WARN_DEPRECATED_OBJC_IMPLEMENTATIONS = YES;
				CLANG_WARN_DIRECT_OBJC_ISA_USAGE = YES_ERROR;
				CLANG_WARN_DOCUMENTATION_COMMENTS = YES;
				CLANG_WARN_EMPTY_BODY = YES;
				CLANG_WARN_ENUM_CONVERSION = YES;
				CLANG_WARN_INFINITE_RECURSION = YES;
				CLANG_WARN_INT_CONVERSION = YES;
				CLANG_WARN_NON_LITERAL_NULL_CONVERSION = YES;
				CLANG_WARN_OBJC_IMPLICIT_RETAIN_SELF = YES;
				CLANG_WARN_OBJC_LITERAL_CONVERSION = YES;
				CLANG_WARN_OBJC_ROOT_CLASS = YES_ERROR;
				CLANG_WARN_QUOTED_INCLUDE_IN_FRAMEWORK_HEADER = YES;
				CLANG_WARN_RANGE_LOOP_ANALYSIS = YES;
				CLANG_WARN_STRICT_PROTOTYPES = YES;
				CLANG_WARN_SUSPICIOUS_MOVE = YES;
				CLANG_WARN_UNGUARDED_AVAILABILITY = YES_AGGRESSIVE;
				CLANG_WARN_UNREACHABLE_CODE = YES;
				CLANG_WARN__DUPLICATE_METHOD_MATCH = YES;
				COPY_PHASE_STRIP = NO;
				DEBUG_INFORMATION_FORMAT = dwarf;
				ENABLE_STRICT_OBJC_MSGSEND = YES;
				ENABLE_TESTABILITY = YES;
				ENABLE_USER_SCRIPT_SANDBOXING = YES;
				GCC_C_LANGUAGE_STANDARD = gnu17;
				GCC_DYNAMIC_NO_PIC = NO;
				GCC_NO_COMMON_BLOCKS = YES;
				GCC_OPTIMIZATION_LEVEL = 0;
				GCC_PREPROCESSOR_DEFINITIONS = (
					"DEBUG=1",
					"$(inherited)",
				);
				GCC_WARN_64_TO_32_BIT_CONVERSION = YES;
				GCC_WARN_ABOUT_RETURN_TYPE = YES_ERROR;
				GCC_WARN_UNDECLARED_SELECTOR = YES;
				GCC_WARN_UNINITIALIZED_AUTOS = YES_AGGRESSIVE;
				GCC_WARN_UNUSED_FUNCTION = YES;
				GCC_WARN_UNUSED_VARIABLE = YES;
				IPHONEOS_DEPLOYMENT_TARGET = 17.5;
				LOCALIZATION_PREFERS_STRING_CATALOGS = YES;
				MTL_ENABLE_DEBUG_INFO = INCLUDE_SOURCE;
				MTL_FAST_MATH = YES;
				ONLY_ACTIVE_ARCH = YES;
				SDKROOT = iphoneos;
				SWIFT_ACTIVE_COMPILATION_CONDITIONS = "DEBUG $(inherited)";
				SWIFT_OPTIMIZATION_LEVEL = "-Onone";
			};
			name = Debug;
		};
		2A9FC9C12C47B96700078631 /* Release */ = {
			isa = XCBuildConfiguration;
			buildSettings = {
				ALWAYS_SEARCH_USER_PATHS = NO;
				ASSETCATALOG_COMPILER_GENERATE_SWIFT_ASSET_SYMBOL_EXTENSIONS = YES;
				CLANG_ANALYZER_NONNULL = YES;
				CLANG_ANALYZER_NUMBER_OBJECT_CONVERSION = YES_AGGRESSIVE;
				CLANG_CXX_LANGUAGE_STANDARD = "gnu++20";
				CLANG_ENABLE_MODULES = YES;
				CLANG_ENABLE_OBJC_ARC = YES;
				CLANG_ENABLE_OBJC_WEAK = YES;
				CLANG_WARN_BLOCK_CAPTURE_AUTORELEASING = YES;
				CLANG_WARN_BOOL_CONVERSION = YES;
				CLANG_WARN_COMMA = YES;
				CLANG_WARN_CONSTANT_CONVERSION = YES;
				CLANG_WARN_DEPRECATED_OBJC_IMPLEMENTATIONS = YES;
				CLANG_WARN_DIRECT_OBJC_ISA_USAGE = YES_ERROR;
				CLANG_WARN_DOCUMENTATION_COMMENTS = YES;
				CLANG_WARN_EMPTY_BODY = YES;
				CLANG_WARN_ENUM_CONVERSION = YES;
				CLANG_WARN_INFINITE_RECURSION = YES;
				CLANG_WARN_INT_CONVERSION = YES;
				CLANG_WARN_NON_LITERAL_NULL_CONVERSION = YES;
				CLANG_WARN_OBJC_IMPLICIT_RETAIN_SELF = YES;
				CLANG_WARN_OBJC_LITERAL_CONVERSION = YES;
				CLANG_WARN_OBJC_ROOT_CLASS = YES_ERROR;
				CLANG_WARN_QUOTED_INCLUDE_IN_FRAMEWORK_HEADER = YES;
				CLANG_WARN_RANGE_LOOP_ANALYSIS = YES;
				CLANG_WARN_STRICT_PROTOTYPES = YES;
				CLANG_WARN_SUSPICIOUS_MOVE = YES;
				CLANG_WARN_UNGUARDED_AVAILABILITY = YES_AGGRESSIVE;
				CLANG_WARN_UNREACHABLE_CODE = YES;
				CLANG_WARN__DUPLICATE_METHOD_MATCH = YES;
				COPY_PHASE_STRIP = NO;
				DEBUG_INFORMATION_FORMAT = "dwarf-with-dsym";
				ENABLE_NS_ASSERTIONS = NO;
				ENABLE_STRICT_OBJC_MSGSEND = YES;
				ENABLE_USER_SCRIPT_SANDBOXING = YES;
				GCC_C_LANGUAGE_STANDARD = gnu17;
				GCC_NO_COMMON_BLOCKS = YES;
				GCC_WARN_64_TO_32_BIT_CONVERSION = YES;
				GCC_WARN_ABOUT_RETURN_TYPE = YES_ERROR;
				GCC_WARN_UNDECLARED_SELECTOR = YES;
				GCC_WARN_UNINITIALIZED_AUTOS = YES_AGGRESSIVE;
				GCC_WARN_UNUSED_FUNCTION = YES;
				GCC_WARN_UNUSED_VARIABLE = YES;
				IPHONEOS_DEPLOYMENT_TARGET = 17.5;
				LOCALIZATION_PREFERS_STRING_CATALOGS = YES;
				MTL_ENABLE_DEBUG_INFO = NO;
				MTL_FAST_MATH = YES;
				SDKROOT = iphoneos;
				SWIFT_COMPILATION_MODE = wholemodule;
				VALIDATE_PRODUCT = YES;
			};
			name = Release;
		};
		2A9FC9C32C47B96700078631 /* Debug */ = {
			isa = XCBuildConfiguration;
			buildSettings = {
				ASSETCATALOG_COMPILER_APPICON_NAME = AppIcon;
				ASSETCATALOG_COMPILER_GLOBAL_ACCENT_COLOR_NAME = AccentColor;
				CODE_SIGN_STYLE = Automatic;
				CURRENT_PROJECT_VERSION = 1;
				DEVELOPMENT_ASSET_PATHS = "\"Timest/Preview Content\"";
				DEVELOPMENT_TEAM = ADNJ3AJW48;
				ENABLE_PREVIEWS = YES;
				GENERATE_INFOPLIST_FILE = YES;
				INFOPLIST_KEY_UIApplicationSceneManifest_Generation = YES;
				INFOPLIST_KEY_UIApplicationSupportsIndirectInputEvents = YES;
				INFOPLIST_KEY_UILaunchScreen_Generation = YES;
				INFOPLIST_KEY_UISupportedInterfaceOrientations_iPad = "UIInterfaceOrientationPortrait UIInterfaceOrientationPortraitUpsideDown UIInterfaceOrientationLandscapeLeft UIInterfaceOrientationLandscapeRight";
				INFOPLIST_KEY_UISupportedInterfaceOrientations_iPhone = "UIInterfaceOrientationPortrait UIInterfaceOrientationLandscapeLeft UIInterfaceOrientationLandscapeRight";
				LD_RUNPATH_SEARCH_PATHS = (
					"$(inherited)",
					"@executable_path/Frameworks",
				);
				MARKETING_VERSION = 1.0;
				PRODUCT_BUNDLE_IDENTIFIER = com.ohnishi.Timest;
				PRODUCT_NAME = "$(TARGET_NAME)";
				SWIFT_EMIT_LOC_STRINGS = YES;
				SWIFT_VERSION = 5.0;
				TARGETED_DEVICE_FAMILY = "1,2";
			};
			name = Debug;
		};
		2A9FC9C42C47B96700078631 /* Release */ = {
			isa = XCBuildConfiguration;
			buildSettings = {
				ASSETCATALOG_COMPILER_APPICON_NAME = AppIcon;
				ASSETCATALOG_COMPILER_GLOBAL_ACCENT_COLOR_NAME = AccentColor;
				CODE_SIGN_STYLE = Automatic;
				CURRENT_PROJECT_VERSION = 1;
				DEVELOPMENT_ASSET_PATHS = "\"Timest/Preview Content\"";
				DEVELOPMENT_TEAM = ADNJ3AJW48;
				ENABLE_PREVIEWS = YES;
				GENERATE_INFOPLIST_FILE = YES;
				INFOPLIST_KEY_UIApplicationSceneManifest_Generation = YES;
				INFOPLIST_KEY_UIApplicationSupportsIndirectInputEvents = YES;
				INFOPLIST_KEY_UILaunchScreen_Generation = YES;
				INFOPLIST_KEY_UISupportedInterfaceOrientations_iPad = "UIInterfaceOrientationPortrait UIInterfaceOrientationPortraitUpsideDown UIInterfaceOrientationLandscapeLeft UIInterfaceOrientationLandscapeRight";
				INFOPLIST_KEY_UISupportedInterfaceOrientations_iPhone = "UIInterfaceOrientationPortrait UIInterfaceOrientationLandscapeLeft UIInterfaceOrientationLandscapeRight";
				LD_RUNPATH_SEARCH_PATHS = (
					"$(inherited)",
					"@executable_path/Frameworks",
				);
				MARKETING_VERSION = 1.0;
				PRODUCT_BUNDLE_IDENTIFIER = com.ohnishi.Timest;
				PRODUCT_NAME = "$(TARGET_NAME)";
				SWIFT_EMIT_LOC_STRINGS = YES;
				SWIFT_VERSION = 5.0;
				TARGETED_DEVICE_FAMILY = "1,2";
			};
			name = Release;
		};
/* End XCBuildConfiguration section */

/* Begin XCConfigurationList section */
		2A9FC9AF2C47B96500078631 /* Build configuration list for PBXProject "Timest" */ = {
			isa = XCConfigurationList;
			buildConfigurations = (
				2A9FC9C02C47B96700078631 /* Debug */,
				2A9FC9C12C47B96700078631 /* Release */,
			);
			defaultConfigurationIsVisible = 0;
			defaultConfigurationName = Release;
		};
		2A9FC9C22C47B96700078631 /* Build configuration list for PBXNativeTarget "Timest" */ = {
			isa = XCConfigurationList;
			buildConfigurations = (
				2A9FC9C32C47B96700078631 /* Debug */,
				2A9FC9C42C47B96700078631 /* Release */,
			);
			defaultConfigurationIsVisible = 0;
			defaultConfigurationName = Release;
		};
/* End XCConfigurationList section */
	};
	rootObject = 2A9FC9AC2C47B96500078631 /* Project object */;
}
